
Microsoft Visual Studio Solution File, Format Version 12.00
# Visual Studio Version 16
VisualStudioVersion = 16.0.29230.47
MinimumVisualStudioVersion = 10.0.40219.1
Project("{FAE04EC0-301F-11D3-BF4B-00C04F79EFBC}") = "TestValueTuple", "TestValueTuple\TestValueTuple.csproj", "{36E484ED-00F5-4C0E-8858-D79237ED8A89}"
EndProject
Project("{FAE04EC0-301F-11D3-BF4B-00C04F79EFBC}") = "TestValueTupleTests", "TestValueTupleTests\TestValueTupleTests.csproj", "{C21FB94B-641B-4FC8-A428-4C125301424A}"
EndProject
Global
	GlobalSection(SolutionConfigurationPlatforms) = preSolution
		Debug|Any CPU = Debug|Any CPU
		Release|Any CPU = Release|Any CPU
	EndGlobalSection
	GlobalSection(ProjectConfigurationPlatforms) = postSolution
		{36E484ED-00F5-4C0E-8858-D79237ED8A89}.Debug|Any CPU.ActiveCfg = Debug|Any CPU
		{36E484ED-00F5-4C0E-8858-D79237ED8A89}.Debug|Any CPU.Build.0 = Debug|Any CPU
		{36E484ED-00F5-4C0E-8858-D79237ED8A89}.Release|Any CPU.ActiveCfg = Release|Any CPU
		{36E484ED-00F5-4C0E-8858-D79237ED8A89}.Release|Any CPU.Build.0 = Release|Any CPU
		{C21FB94B-641B-4FC8-A428-4C125301424A}.Debug|Any CPU.ActiveCfg = Debug|Any CPU
		{C21FB94B-641B-4FC8-A428-4C125301424A}.Debug|Any CPU.Build.0 = Debug|Any CPU
		{C21FB94B-641B-4FC8-A428-4C125301424A}.Release|Any CPU.ActiveCfg = Release|Any CPU
		{C21FB94B-641B-4FC8-A428-4C125301424A}.Release|Any CPU.Build.0 = Release|Any CPU
	EndGlobalSection
	GlobalSection(SolutionProperties) = preSolution
		HideSolutionNode = FALSE
	EndGlobalSection
	GlobalSection(ExtensibilityGlobals) = postSolution
		SolutionGuid = {9996BFF9-BDD3-4845-807C-8EB1AAD08E82}
	EndGlobalSection
EndGlobal
